// !$*UTF8*$!
{
	archiveVersion = 1;
	classes = {
	};
	objectVersion = 50;
	objects = {

/* Begin PBXBuildFile section */
		631EDDD823F336E100ED2396 /* AppDelegate.swift in Sources */ = {isa = PBXBuildFile; fileRef = 631EDDD723F336E100ED2396 /* AppDelegate.swift */; };
		631EDDDA23F336E100ED2396 /* SceneDelegate.swift in Sources */ = {isa = PBXBuildFile; fileRef = 631EDDD923F336E100ED2396 /* SceneDelegate.swift */; };
		631EDDDC23F336E100ED2396 /* ContentView.swift in Sources */ = {isa = PBXBuildFile; fileRef = 631EDDDB23F336E100ED2396 /* ContentView.swift */; };
		631EDDDE23F336E600ED2396 /* Assets.xcassets in Resources */ = {isa = PBXBuildFile; fileRef = 631EDDDD23F336E600ED2396 /* Assets.xcassets */; };
		631EDDE123F336E600ED2396 /* Preview Assets.xcassets in Resources */ = {isa = PBXBuildFile; fileRef = 631EDDE023F336E600ED2396 /* Preview Assets.xcassets */; };
		631EDDE423F336E600ED2396 /* LaunchScreen.storyboard in Resources */ = {isa = PBXBuildFile; fileRef = 631EDDE223F336E600ED2396 /* LaunchScreen.storyboard */; };
		631EDDEF23F336E600ED2396 /* nike_rss_sampleTests.swift in Sources */ = {isa = PBXBuildFile; fileRef = 631EDDEE23F336E600ED2396 /* nike_rss_sampleTests.swift */; };
/* End PBXBuildFile section */

/* Begin PBXContainerItemProxy section */
		631EDDEB23F336E600ED2396 /* PBXContainerItemProxy */ = {
			isa = PBXContainerItemProxy;
			containerPortal = 631EDDCC23F336E000ED2396 /* Project object */;
			proxyType = 1;
			remoteGlobalIDString = 631EDDD323F336E000ED2396;
			remoteInfo = "nike-rss-sample";
		};
/* End PBXContainerItemProxy section */

/* Begin PBXFileReference section */
		631EDDD423F336E100ED2396 /* nike-rss-sample.app */ = {isa = PBXFileReference; explicitFileType = wrapper.application; includeInIndex = 0; path = "nike-rss-sample.app"; sourceTree = BUILT_PRODUCTS_DIR; };
		631EDDD723F336E100ED2396 /* AppDelegate.swift */ = {isa = PBXFileReference; lastKnownFileType = sourcecode.swift; path = AppDelegate.swift; sourceTree = "<group>"; };
		631EDDD923F336E100ED2396 /* SceneDelegate.swift */ = {isa = PBXFileReference; lastKnownFileType = sourcecode.swift; path = SceneDelegate.swift; sourceTree = "<group>"; };
		631EDDDB23F336E100ED2396 /* ContentView.swift */ = {isa = PBXFileReference; lastKnownFileType = sourcecode.swift; path = ContentView.swift; sourceTree = "<group>"; };
		631EDDDD23F336E600ED2396 /* Assets.xcassets */ = {isa = PBXFileReference; lastKnownFileType = folder.assetcatalog; path = Assets.xcassets; sourceTree = "<group>"; };
		631EDDE023F336E600ED2396 /* Preview Assets.xcassets */ = {isa = PBXFileReference; lastKnownFileType = folder.assetcatalog; path = "Preview Assets.xcassets"; sourceTree = "<group>"; };
		631EDDE323F336E600ED2396 /* Base */ = {isa = PBXFileReference; lastKnownFileType = file.storyboard; name = Base; path = Base.lproj/LaunchScreen.storyboard; sourceTree = "<group>"; };
		631EDDE523F336E600ED2396 /* Info.plist */ = {isa = PBXFileReference; lastKnownFileType = text.plist.xml; path = Info.plist; sourceTree = "<group>"; };
		631EDDEA23F336E600ED2396 /* nike-rss-sampleTests.xctest */ = {isa = PBXFileReference; explicitFileType = wrapper.cfbundle; includeInIndex = 0; path = "nike-rss-sampleTests.xctest"; sourceTree = BUILT_PRODUCTS_DIR; };
		631EDDEE23F336E600ED2396 /* nike_rss_sampleTests.swift */ = {isa = PBXFileReference; lastKnownFileType = sourcecode.swift; path = nike_rss_sampleTests.swift; sourceTree = "<group>"; };
		631EDDF023F336E600ED2396 /* Info.plist */ = {isa = PBXFileReference; lastKnownFileType = text.plist.xml; path = Info.plist; sourceTree = "<group>"; };
/* End PBXFileReference section */

/* Begin PBXFrameworksBuildPhase section */
		631EDDD123F336E000ED2396 /* Frameworks */ = {
			isa = PBXFrameworksBuildPhase;
			buildActionMask = 2147483647;
			files = (
			);
			runOnlyForDeploymentPostprocessing = 0;
		};
		631EDDE723F336E600ED2396 /* Frameworks */ = {
			isa = PBXFrameworksBuildPhase;
			buildActionMask = 2147483647;
			files = (
			);
			runOnlyForDeploymentPostprocessing = 0;
		};
/* End PBXFrameworksBuildPhase section */

/* Begin PBXGroup section */
		631EDDCB23F336E000ED2396 = {
			isa = PBXGroup;
			children = (
				631EDDD623F336E100ED2396 /* nike-rss-sample */,
				631EDDED23F336E600ED2396 /* nike-rss-sampleTests */,
				631EDDD523F336E100ED2396 /* Products */,
			);
			sourceTree = "<group>";
		};
		631EDDD523F336E100ED2396 /* Products */ = {
			isa = PBXGroup;
			children = (
				631EDDD423F336E100ED2396 /* nike-rss-sample.app */,
				631EDDEA23F336E600ED2396 /* nike-rss-sampleTests.xctest */,
			);
			name = Products;
			sourceTree = "<group>";
		};
		631EDDD623F336E100ED2396 /* nike-rss-sample */ = {
			isa = PBXGroup;
			children = (
				631EDDD723F336E100ED2396 /* AppDelegate.swift */,
				631EDDD923F336E100ED2396 /* SceneDelegate.swift */,
				631EDDDB23F336E100ED2396 /* ContentView.swift */,
				631EDDDD23F336E600ED2396 /* Assets.xcassets */,
				631EDDE223F336E600ED2396 /* LaunchScreen.storyboard */,
				631EDDE523F336E600ED2396 /* Info.plist */,
				631EDDDF23F336E600ED2396 /* Preview Content */,
			);
			path = "nike-rss-sample";
			sourceTree = "<group>";
		};
		631EDDDF23F336E600ED2396 /* Preview Content */ = {
			isa = PBXGroup;
			children = (
				631EDDE023F336E600ED2396 /* Preview Assets.xcassets */,
			);
			path = "Preview Content";
			sourceTree = "<group>";
		};
		631EDDED23F336E600ED2396 /* nike-rss-sampleTests */ = {
			isa = PBXGroup;
			children = (
				631EDDEE23F336E600ED2396 /* nike_rss_sampleTests.swift */,
				631EDDF023F336E600ED2396 /* Info.plist */,
			);
			path = "nike-rss-sampleTests";
			sourceTree = "<group>";
		};
/* End PBXGroup section */

/* Begin PBXNativeTarget section */
		631EDDD323F336E000ED2396 /* nike-rss-sample */ = {
			isa = PBXNativeTarget;
			buildConfigurationList = 631EDDF323F336E600ED2396 /* Build configuration list for PBXNativeTarget "nike-rss-sample" */;
			buildPhases = (
				631EDDD023F336E000ED2396 /* Sources */,
				631EDDD123F336E000ED2396 /* Frameworks */,
				631EDDD223F336E000ED2396 /* Resources */,
			);
			buildRules = (
			);
			dependencies = (
			);
			name = "nike-rss-sample";
			productName = "nike-rss-sample";
			productReference = 631EDDD423F336E100ED2396 /* nike-rss-sample.app */;
			productType = "com.apple.product-type.application";
		};
		631EDDE923F336E600ED2396 /* nike-rss-sampleTests */ = {
			isa = PBXNativeTarget;
			buildConfigurationList = 631EDDF623F336E600ED2396 /* Build configuration list for PBXNativeTarget "nike-rss-sampleTests" */;
			buildPhases = (
				631EDDE623F336E600ED2396 /* Sources */,
				631EDDE723F336E600ED2396 /* Frameworks */,
				631EDDE823F336E600ED2396 /* Resources */,
			);
			buildRules = (
			);
			dependencies = (
				631EDDEC23F336E600ED2396 /* PBXTargetDependency */,
			);
			name = "nike-rss-sampleTests";
			productName = "nike-rss-sampleTests";
			productReference = 631EDDEA23F336E600ED2396 /* nike-rss-sampleTests.xctest */;
			productType = "com.apple.product-type.bundle.unit-test";
		};
/* End PBXNativeTarget section */

/* Begin PBXProject section */
		631EDDCC23F336E000ED2396 /* Project object */ = {
			isa = PBXProject;
			attributes = {
				LastSwiftUpdateCheck = 1130;
				LastUpgradeCheck = 1130;
				ORGANIZATIONNAME = "Caleb Strong";
				TargetAttributes = {
					631EDDD323F336E000ED2396 = {
						CreatedOnToolsVersion = 11.3;
					};
					631EDDE923F336E600ED2396 = {
						CreatedOnToolsVersion = 11.3;
						TestTargetID = 631EDDD323F336E000ED2396;
					};
				};
			};
			buildConfigurationList = 631EDDCF23F336E000ED2396 /* Build configuration list for PBXProject "nike-rss-sample" */;
			compatibilityVersion = "Xcode 9.3";
			developmentRegion = en;
			hasScannedForEncodings = 0;
			knownRegions = (
				en,
				Base,
			);
			mainGroup = 631EDDCB23F336E000ED2396;
			productRefGroup = 631EDDD523F336E100ED2396 /* Products */;
			projectDirPath = "";
			projectRoot = "";
			targets = (
				631EDDD323F336E000ED2396 /* nike-rss-sample */,
				631EDDE923F336E600ED2396 /* nike-rss-sampleTests */,
			);
		};
/* End PBXProject section */

/* Begin PBXResourcesBuildPhase section */
		631EDDD223F336E000ED2396 /* Resources */ = {
			isa = PBXResourcesBuildPhase;
			buildActionMask = 2147483647;
			files = (
				631EDDE423F336E600ED2396 /* LaunchScreen.storyboard in Resources */,
				631EDDE123F336E600ED2396 /* Preview Assets.xcassets in Resources */,
				631EDDDE23F336E600ED2396 /* Assets.xcassets in Resources */,
			);
			runOnlyForDeploymentPostprocessing = 0;
		};
		631EDDE823F336E600ED2396 /* Resources */ = {
			isa = PBXResourcesBuildPhase;
			buildActionMask = 2147483647;
			files = (
			);
			runOnlyForDeploymentPostprocessing = 0;
		};
/* End PBXResourcesBuildPhase section */

/* Begin PBXSourcesBuildPhase section */
		631EDDD023F336E000ED2396 /* Sources */ = {
			isa = PBXSourcesBuildPhase;
			buildActionMask = 2147483647;
			files = (
				631EDDD823F336E100ED2396 /* AppDelegate.swift in Sources */,
				631EDDDA23F336E100ED2396 /* SceneDelegate.swift in Sources */,
				631EDDDC23F336E100ED2396 /* ContentView.swift in Sources */,
			);
			runOnlyForDeploymentPostprocessing = 0;
		};
		631EDDE623F336E600ED2396 /* Sources */ = {
			isa = PBXSourcesBuildPhase;
			buildActionMask = 2147483647;
			files = (
				631EDDEF23F336E600ED2396 /* nike_rss_sampleTests.swift in Sources */,
			);
			runOnlyForDeploymentPostprocessing = 0;
		};
/* End PBXSourcesBuildPhase section */

/* Begin PBXTargetDependency section */
		631EDDEC23F336E600ED2396 /* PBXTargetDependency */ = {
			isa = PBXTargetDependency;
			target = 631EDDD323F336E000ED2396 /* nike-rss-sample */;
			targetProxy = 631EDDEB23F336E600ED2396 /* PBXContainerItemProxy */;
		};
/* End PBXTargetDependency section */

/* Begin PBXVariantGroup section */
		631EDDE223F336E600ED2396 /* LaunchScreen.storyboard */ = {
			isa = PBXVariantGroup;
			children = (
				631EDDE323F336E600ED2396 /* Base */,
			);
			name = LaunchScreen.storyboard;
			sourceTree = "<group>";
		};
/* End PBXVariantGroup section */

/* Begin XCBuildConfiguration section */
		631EDDF123F336E600ED2396 /* Debug */ = {
			isa = XCBuildConfiguration;
			buildSettings = {
				ALWAYS_SEARCH_USER_PATHS = NO;
				CLANG_ANALYZER_NONNULL = YES;
				CLANG_ANALYZER_NUMBER_OBJECT_CONVERSION = YES_AGGRESSIVE;
				CLANG_CXX_LANGUAGE_STANDARD = "gnu++14";
				CLANG_CXX_LIBRARY = "libc++";
				CLANG_ENABLE_MODULES = YES;
				CLANG_ENABLE_OBJC_ARC = YES;
				CLANG_ENABLE_OBJC_WEAK = YES;
				CLANG_WARN_BLOCK_CAPTURE_AUTORELEASING = YES;
				CLANG_WARN_BOOL_CONVERSION = YES;
				CLANG_WARN_COMMA = YES;
				CLANG_WARN_CONSTANT_CONVERSION = YES;
				CLANG_WARN_DEPRECATED_OBJC_IMPLEMENTATIONS = YES;
				CLANG_WARN_DIRECT_OBJC_ISA_USAGE = YES_ERROR;
				CLANG_WARN_DOCUMENTATION_COMMENTS = YES;
				CLANG_WARN_EMPTY_BODY = YES;
				CLANG_WARN_ENUM_CONVERSION = YES;
				CLANG_WARN_INFINITE_RECURSION = YES;
				CLANG_WARN_INT_CONVERSION = YES;
				CLANG_WARN_NON_LITERAL_NULL_CONVERSION = YES;
				CLANG_WARN_OBJC_IMPLICIT_RETAIN_SELF = YES;
				CLANG_WARN_OBJC_LITERAL_CONVERSION = YES;
				CLANG_WARN_OBJC_ROOT_CLASS = YES_ERROR;
				CLANG_WARN_RANGE_LOOP_ANALYSIS = YES;
				CLANG_WARN_STRICT_PROTOTYPES = YES;
				CLANG_WARN_SUSPICIOUS_MOVE = YES;
				CLANG_WARN_UNGUARDED_AVAILABILITY = YES_AGGRESSIVE;
				CLANG_WARN_UNREACHABLE_CODE = YES;
				CLANG_WARN__DUPLICATE_METHOD_MATCH = YES;
				COPY_PHASE_STRIP = NO;
				DEBUG_INFORMATION_FORMAT = dwarf;
				ENABLE_STRICT_OBJC_MSGSEND = YES;
				ENABLE_TESTABILITY = YES;
				GCC_C_LANGUAGE_STANDARD = gnu11;
				GCC_DYNAMIC_NO_PIC = NO;
				GCC_NO_COMMON_BLOCKS = YES;
				GCC_OPTIMIZATION_LEVEL = 0;
				GCC_PREPROCESSOR_DEFINITIONS = (
					"DEBUG=1",
					"$(inherited)",
				);
				GCC_WARN_64_TO_32_BIT_CONVERSION = YES;
				GCC_WARN_ABOUT_RETURN_TYPE = YES_ERROR;
				GCC_WARN_UNDECLARED_SELECTOR = YES;
				GCC_WARN_UNINITIALIZED_AUTOS = YES_AGGRESSIVE;
				GCC_WARN_UNUSED_FUNCTION = YES;
				GCC_WARN_UNUSED_VARIABLE = YES;
				IPHONEOS_DEPLOYMENT_TARGET = 13.2;
				MTL_ENABLE_DEBUG_INFO = INCLUDE_SOURCE;
				MTL_FAST_MATH = YES;
				ONLY_ACTIVE_ARCH = YES;
				SDKROOT = iphoneos;
				SWIFT_ACTIVE_COMPILATION_CONDITIONS = DEBUG;
				SWIFT_OPTIMIZATION_LEVEL = "-Onone";
			};
			name = Debug;
		};
		631EDDF223F336E600ED2396 /* Release */ = {
			isa = XCBuildConfiguration;
			buildSettings = {
				ALWAYS_SEARCH_USER_PATHS = NO;
				CLANG_ANALYZER_NONNULL = YES;
				CLANG_ANALYZER_NUMBER_OBJECT_CONVERSION = YES_AGGRESSIVE;
				CLANG_CXX_LANGUAGE_STANDARD = "gnu++14";
				CLANG_CXX_LIBRARY = "libc++";
				CLANG_ENABLE_MODULES = YES;
				CLANG_ENABLE_OBJC_ARC = YES;
				CLANG_ENABLE_OBJC_WEAK = YES;
				CLANG_WARN_BLOCK_CAPTURE_AUTORELEASING = YES;
				CLANG_WARN_BOOL_CONVERSION = YES;
				CLANG_WARN_COMMA = YES;
				CLANG_WARN_CONSTANT_CONVERSION = YES;
				CLANG_WARN_DEPRECATED_OBJC_IMPLEMENTATIONS = YES;
				CLANG_WARN_DIRECT_OBJC_ISA_USAGE = YES_ERROR;
				CLANG_WARN_DOCUMENTATION_COMMENTS = YES;
				CLANG_WARN_EMPTY_BODY = YES;
				CLANG_WARN_ENUM_CONVERSION = YES;
				CLANG_WARN_INFINITE_RECURSION = YES;
				CLANG_WARN_INT_CONVERSION = YES;
				CLANG_WARN_NON_LITERAL_NULL_CONVERSION = YES;
				CLANG_WARN_OBJC_IMPLICIT_RETAIN_SELF = YES;
				CLANG_WARN_OBJC_LITERAL_CONVERSION = YES;
				CLANG_WARN_OBJC_ROOT_CLASS = YES_ERROR;
				CLANG_WARN_RANGE_LOOP_ANALYSIS = YES;
				CLANG_WARN_STRICT_PROTOTYPES = YES;
				CLANG_WARN_SUSPICIOUS_MOVE = YES;
				CLANG_WARN_UNGUARDED_AVAILABILITY = YES_AGGRESSIVE;
				CLANG_WARN_UNREACHABLE_CODE = YES;
				CLANG_WARN__DUPLICATE_METHOD_MATCH = YES;
				COPY_PHASE_STRIP = NO;
				DEBUG_INFORMATION_FORMAT = "dwarf-with-dsym";
				ENABLE_NS_ASSERTIONS = NO;
				ENABLE_STRICT_OBJC_MSGSEND = YES;
				GCC_C_LANGUAGE_STANDARD = gnu11;
				GCC_NO_COMMON_BLOCKS = YES;
				GCC_WARN_64_TO_32_BIT_CONVERSION = YES;
				GCC_WARN_ABOUT_RETURN_TYPE = YES_ERROR;
				GCC_WARN_UNDECLARED_SELECTOR = YES;
				GCC_WARN_UNINITIALIZED_AUTOS = YES_AGGRESSIVE;
				GCC_WARN_UNUSED_FUNCTION = YES;
				GCC_WARN_UNUSED_VARIABLE = YES;
				IPHONEOS_DEPLOYMENT_TARGET = 13.2;
				MTL_ENABLE_DEBUG_INFO = NO;
				MTL_FAST_MATH = YES;
				SDKROOT = iphoneos;
				SWIFT_COMPILATION_MODE = wholemodule;
				SWIFT_OPTIMIZATION_LEVEL = "-O";
				VALIDATE_PRODUCT = YES;
			};
			name = Release;
		};
		631EDDF423F336E600ED2396 /* Debug */ = {
			isa = XCBuildConfiguration;
			buildSettings = {
				ASSETCATALOG_COMPILER_APPICON_NAME = AppIcon;
				CODE_SIGN_STYLE = Automatic;
				DEVELOPMENT_ASSET_PATHS = "\"nike-rss-sample/Preview Content\"";
				DEVELOPMENT_TEAM = 6PU3T4WS7W;
				ENABLE_PREVIEWS = YES;
				INFOPLIST_FILE = "nike-rss-sample/Info.plist";
				LD_RUNPATH_SEARCH_PATHS = (
					"$(inherited)",
					"@executable_path/Frameworks",
				);
				PRODUCT_BUNDLE_IDENTIFIER = "com.calebstrong.nike-rss-sample";
				PRODUCT_NAME = "$(TARGET_NAME)";
				SWIFT_VERSION = 5.0;
				TARGETED_DEVICE_FAMILY = "1,2";
			};
			name = Debug;
		};
		631EDDF523F336E600ED2396 /* Release */ = {
			isa = XCBuildConfiguration;
			buildSettings = {
				ASSETCATALOG_COMPILER_APPICON_NAME = AppIcon;
				CODE_SIGN_STYLE = Automatic;
				DEVELOPMENT_ASSET_PATHS = "\"nike-rss-sample/Preview Content\"";
				DEVELOPMENT_TEAM = 6PU3T4WS7W;
				ENABLE_PREVIEWS = YES;
				INFOPLIST_FILE = "nike-rss-sample/Info.plist";
				LD_RUNPATH_SEARCH_PATHS = (
					"$(inherited)",
					"@executable_path/Frameworks",
				);
				PRODUCT_BUNDLE_IDENTIFIER = "com.calebstrong.nike-rss-sample";
				PRODUCT_NAME = "$(TARGET_NAME)";
				SWIFT_VERSION = 5.0;
				TARGETED_DEVICE_FAMILY = "1,2";
			};
			name = Release;
		};
		631EDDF723F336E600ED2396 /* Debug */ = {
			isa = XCBuildConfiguration;
			buildSettings = {
				ALWAYS_EMBED_SWIFT_STANDARD_LIBRARIES = YES;
				BUNDLE_LOADER = "$(TEST_HOST)";
				CODE_SIGN_STYLE = Automatic;
				DEVELOPMENT_TEAM = 6PU3T4WS7W;
				INFOPLIST_FILE = "nike-rss-sampleTests/Info.plist";
				IPHONEOS_DEPLOYMENT_TARGET = 13.2;
				LD_RUNPATH_SEARCH_PATHS = (
					"$(inherited)",
					"@executable_path/Frameworks",
					"@loader_path/Frameworks",
				);
				PRODUCT_BUNDLE_IDENTIFIER = "com.calebstrong.nike-rss-sampleTests";
				PRODUCT_NAME = "$(TARGET_NAME)";
				SWIFT_VERSION = 5.0;
				TARGETED_DEVICE_FAMILY = "1,2";
				TEST_HOST = "$(BUILT_PRODUCTS_DIR)/nike-rss-sample.app/nike-rss-sample";
			};
			name = Debug;
		};
		631EDDF823F336E600ED2396 /* Release */ = {
			isa = XCBuildConfiguration;
			buildSettings = {
				ALWAYS_EMBED_SWIFT_STANDARD_LIBRARIES = YES;
				BUNDLE_LOADER = "$(TEST_HOST)";
				CODE_SIGN_STYLE = Automatic;
				DEVELOPMENT_TEAM = 6PU3T4WS7W;
				INFOPLIST_FILE = "nike-rss-sampleTests/Info.plist";
				IPHONEOS_DEPLOYMENT_TARGET = 13.2;
				LD_RUNPATH_SEARCH_PATHS = (
					"$(inherited)",
					"@executable_path/Frameworks",
					"@loader_path/Frameworks",
				);
				PRODUCT_BUNDLE_IDENTIFIER = "com.calebstrong.nike-rss-sampleTests";
				PRODUCT_NAME = "$(TARGET_NAME)";
				SWIFT_VERSION = 5.0;
				TARGETED_DEVICE_FAMILY = "1,2";
				TEST_HOST = "$(BUILT_PRODUCTS_DIR)/nike-rss-sample.app/nike-rss-sample";
			};
			name = Release;
		};
/* End XCBuildConfiguration section */

/* Begin XCConfigurationList section */
		631EDDCF23F336E000ED2396 /* Build configuration list for PBXProject "nike-rss-sample" */ = {
			isa = XCConfigurationList;
			buildConfigurations = (
				631EDDF123F336E600ED2396 /* Debug */,
				631EDDF223F336E600ED2396 /* Release */,
			);
			defaultConfigurationIsVisible = 0;
			defaultConfigurationName = Release;
		};
		631EDDF323F336E600ED2396 /* Build configuration list for PBXNativeTarget "nike-rss-sample" */ = {
			isa = XCConfigurationList;
			buildConfigurations = (
				631EDDF423F336E600ED2396 /* Debug */,
				631EDDF523F336E600ED2396 /* Release */,
			);
			defaultConfigurationIsVisible = 0;
			defaultConfigurationName = Release;
		};
		631EDDF623F336E600ED2396 /* Build configuration list for PBXNativeTarget "nike-rss-sampleTests" */ = {
			isa = XCConfigurationList;
			buildConfigurations = (
				631EDDF723F336E600ED2396 /* Debug */,
				631EDDF823F336E600ED2396 /* Release */,
			);
			defaultConfigurationIsVisible = 0;
			defaultConfigurationName = Release;
		};
/* End XCConfigurationList section */
	};
	rootObject = 631EDDCC23F336E000ED2396 /* Project object */;
}
